
Microsoft Visual Studio Solution File, Format Version 12.00
# Visual Studio Version 17
VisualStudioVersion = 17.10.34928.147
MinimumVisualStudioVersion = 10.0.40219.1
Project("{FAE04EC0-301F-11D3-BF4B-00C04F79EFBC}") = "DevStateManagement", "DevStateManagement.csproj", "{607FAEA3-169A-4829-829A-7D9A7D5769B6}"
EndProject
Global
	GlobalSection(SolutionConfigurationPlatforms) = preSolution
		Debug|Any CPU = Debug|Any CPU
		Release|Any CPU = Release|Any CPU
	EndGlobalSection
	GlobalSection(ProjectConfigurationPlatforms) = postSolution
		{607FAEA3-169A-4829-829A-7D9A7D5769B6}.Debug|Any CPU.ActiveCfg = Debug|Any CPU
		{607FAEA3-169A-4829-829A-7D9A7D5769B6}.Debug|Any CPU.Build.0 = Debug|Any CPU
		{607FAEA3-169A-4829-829A-7D9A7D5769B6}.Release|Any CPU.ActiveCfg = Release|Any CPU
		{607FAEA3-169A-4829-829A-7D9A7D5769B6}.Release|Any CPU.Build.0 = Release|Any CPU
	EndGlobalSection
	GlobalSection(SolutionProperties) = preSolution
		HideSolutionNode = FALSE
	EndGlobalSection
	GlobalSection(ExtensibilityGlobals) = postSolution
		SolutionGuid = {39F5F516-BD81-4B3A-AE7A-C22417DD0F10}
	EndGlobalSection
EndGlobal
