
Microsoft Visual Studio Solution File, Format Version 12.00
# Visual Studio Version 17
VisualStudioVersion = 17.10.35201.131
MinimumVisualStudioVersion = 10.0.40219.1
Project("{FAE04EC0-301F-11D3-BF4B-00C04F79EFBC}") = "Dul", "Dul.csproj", "{99C309B0-A240-43F3-B8F5-F0071338D80E}"
EndProject
Global
	GlobalSection(SolutionConfigurationPlatforms) = preSolution
		Debug|Any CPU = Debug|Any CPU
		Release|Any CPU = Release|Any CPU
	EndGlobalSection
	GlobalSection(ProjectConfigurationPlatforms) = postSolution
		{99C309B0-A240-43F3-B8F5-F0071338D80E}.Debug|Any CPU.ActiveCfg = Debug|Any CPU
		{99C309B0-A240-43F3-B8F5-F0071338D80E}.Debug|Any CPU.Build.0 = Debug|Any CPU
		{99C309B0-A240-43F3-B8F5-F0071338D80E}.Release|Any CPU.ActiveCfg = Release|Any CPU
		{99C309B0-A240-43F3-B8F5-F0071338D80E}.Release|Any CPU.Build.0 = Release|Any CPU
	EndGlobalSection
	GlobalSection(SolutionProperties) = preSolution
		HideSolutionNode = FALSE
	EndGlobalSection
	GlobalSection(ExtensibilityGlobals) = postSolution
		SolutionGuid = {994C4731-B3A2-4C00-B60F-72853A48F60F}
	EndGlobalSection
EndGlobal
