
Microsoft Visual Studio Solution File, Format Version 12.00
# Visual Studio Version 17
VisualStudioVersion = 17.8.34322.80
MinimumVisualStudioVersion = 10.0.40219.1
Project("{FAE04EC0-301F-11D3-BF4B-00C04F79EFBC}") = "DevHelloWorld", "DevHelloWorld.csproj", "{0CD714F3-FA9D-4D52-AF30-3A7B48B16240}"
EndProject
Global
	GlobalSection(SolutionConfigurationPlatforms) = preSolution
		Debug|Any CPU = Debug|Any CPU
		Release|Any CPU = Release|Any CPU
	EndGlobalSection
	GlobalSection(ProjectConfigurationPlatforms) = postSolution
		{0CD714F3-FA9D-4D52-AF30-3A7B48B16240}.Debug|Any CPU.ActiveCfg = Debug|Any CPU
		{0CD714F3-FA9D-4D52-AF30-3A7B48B16240}.Debug|Any CPU.Build.0 = Debug|Any CPU
		{0CD714F3-FA9D-4D52-AF30-3A7B48B16240}.Release|Any CPU.ActiveCfg = Release|Any CPU
		{0CD714F3-FA9D-4D52-AF30-3A7B48B16240}.Release|Any CPU.Build.0 = Release|Any CPU
	EndGlobalSection
	GlobalSection(SolutionProperties) = preSolution
		HideSolutionNode = FALSE
	EndGlobalSection
	GlobalSection(ExtensibilityGlobals) = postSolution
		SolutionGuid = {C5ED9D20-6F9F-45C5-BFD6-49F1190A6E6C}
	EndGlobalSection
EndGlobal
