
Microsoft Visual Studio Solution File, Format Version 12.00
# Visual Studio Version 17
VisualStudioVersion = 17.10.34928.147
MinimumVisualStudioVersion = 10.0.40219.1
Project("{FAE04EC0-301F-11D3-BF4B-00C04F79EFBC}") = "DevADONET", "DevADONET.csproj", "{B44CE556-8640-4A10-B310-3011763C6440}"
EndProject
Global
	GlobalSection(SolutionConfigurationPlatforms) = preSolution
		Debug|Any CPU = Debug|Any CPU
		Release|Any CPU = Release|Any CPU
	EndGlobalSection
	GlobalSection(ProjectConfigurationPlatforms) = postSolution
		{B44CE556-8640-4A10-B310-3011763C6440}.Debug|Any CPU.ActiveCfg = Debug|Any CPU
		{B44CE556-8640-4A10-B310-3011763C6440}.Debug|Any CPU.Build.0 = Debug|Any CPU
		{B44CE556-8640-4A10-B310-3011763C6440}.Release|Any CPU.ActiveCfg = Release|Any CPU
		{B44CE556-8640-4A10-B310-3011763C6440}.Release|Any CPU.Build.0 = Release|Any CPU
	EndGlobalSection
	GlobalSection(SolutionProperties) = preSolution
		HideSolutionNode = FALSE
	EndGlobalSection
	GlobalSection(ExtensibilityGlobals) = postSolution
		SolutionGuid = {42C6FE67-24FD-4E43-9EF7-D3B1F0881332}
	EndGlobalSection
EndGlobal
